PODS:
  - EasyAnimation (2.0.2)
  - FLEX (2.4.0)

DEPENDENCIES:
  - EasyAnimation
  - FLEX (~> 2.0)

SPEC CHECKSUMS:
  EasyAnimation: 977ef673efe8ce62447807eedb380a77b189dc80
  FLEX: bd1a39e55b56bb413b6f1b34b3c10a0dc44ef079

PODFILE CHECKSUM: e880461d32db223b6932205bf94e900e5208349a

COCOAPODS: 1.3.1
