PODS:
  - Amplitude-iOS (4.10.0)
  - AppAuth (1.5.0):
    - AppAuth/Core (= 1.5.0)
    - AppAuth/ExternalUserAgent (= 1.5.0)
  - AppAuth/Core (1.5.0)
  - AppAuth/ExternalUserAgent (1.5.0):
    - AppAuth/Core
  - BiometricAuthentication (3.1.3)
  - CollectionViewSlantedLayout (3.1.1)
  - DynamicBlurView (4.1.0)
  - EasyAnimation (2.2.1)
  - GoogleAPIClientForREST/Core (2.0.0):
    - GTMSessionFetcher/Full (< 3.0, >= 1.6.1)
  - GoogleAPIClientForREST/Drive (2.0.0):
    - GoogleAPIClientForREST/Core
    - GTMSessionFetcher/Full (< 3.0, >= 1.6.1)
  - GoogleSignIn (6.2.3):
    - AppAuth (~> 1.5)
    - GTMAppAuth (~> 1.3)
    - GTMSessionFetcher/Core (~> 1.1)
  - GTMAppAuth (1.3.0):
    - AppAuth/Core (~> 1.4)
    - GTMSessionFetcher/Core (~> 1.5)
  - GTMSessionFetcher/Core (1.7.2)
  - GTMSessionFetcher/Full (1.7.2):
    - GTMSessionFetcher/Core (= 1.7.2)
  - PopupDialog (1.1.1):
    - DynamicBlurView (~> 4.0)
  - SwiftyGif (5.4.3)
  - TOPasscodeViewController (0.0.2)

DEPENDENCIES:
  - Amplitude-iOS
  - BiometricAuthentication
  - CollectionViewSlantedLayout
  - EasyAnimation
  - GoogleAPIClientForREST/Drive
  - GoogleSignIn
  - PopupDialog
  - SwiftyGif
  - TOPasscodeViewController

SPEC REPOS:
  trunk:
    - Amplitude-iOS
    - AppAuth
    - BiometricAuthentication
    - CollectionViewSlantedLayout
    - DynamicBlurView
    - EasyAnimation
    - GoogleAPIClientForREST
    - GoogleSignIn
    - GTMAppAuth
    - GTMSessionFetcher
    - PopupDialog
    - SwiftyGif
    - TOPasscodeViewController

SPEC CHECKSUMS:
  Amplitude-iOS: 7d8cdc3408ba35c2e68368fc7c692cd104606b94
  AppAuth: 80317d99ac7ff2801a2f18ff86b48cd315ed465d
  BiometricAuthentication: b63d51be9260ba94165e032829ae78f074b129df
  CollectionViewSlantedLayout: 24397455acd2461960bc45d394e0ef99c17d03ce
  DynamicBlurView: 58e18fae80bb614e34681a4486870e7d257b62e8
  EasyAnimation: 226d133d23ef0ef99ddfb8928ff2a9a4a77d1cfd
  GoogleAPIClientForREST: 2abe83bae1085d28f94ccc30a49fc7950d721fb9
  GoogleSignIn: f4d3939cc0d9264d7509c4b9a924a6c987e30b54
  GTMAppAuth: 4d8f864896f3646f0c33baf38a28362f4c601e15
  GTMSessionFetcher: 5595ec75acf5be50814f81e9189490412bad82ba
  PopupDialog: 720c92befd8bc23c13442254945213db5612f149
  SwiftyGif: 6c3eafd0ce693cad58bb63d2b2fb9bacb8552780
  TOPasscodeViewController: 03b5df3762a7be1511102093c644a42275bddf24

PODFILE CHECKSUM: 3bab1155bf3a39caea2a3952b0c9b8aba180abee

COCOAPODS: 1.11.3
