// !$*UTF8*$!
{
	archiveVersion = 1;
	classes = {
	};
	objectVersion = 46;
	objects = {

/* Begin PBXBuildFile section */
		209D1DB6996F487D912E2782 /* Pods_TukTuk.framework in Frameworks */ = {isa = PBXBuildFile; fileRef = BA5C47FC63EB15E8F5D89056 /* Pods_TukTuk.framework */; };
		4F08093320AA5A9500CF8767 /* AvengersAssemble.swift in Sources */ = {isa = PBXBuildFile; fileRef = 4F08093220AA5A9500CF8767 /* AvengersAssemble.swift */; };
		4F1F17C7209E112C00483499 /* Collection.swift in Sources */ = {isa = PBXBuildFile; fileRef = 4F1F17C6209E112C00483499 /* Collection.swift */; };
		4F1F17CA209E150F00483499 /* FaceBalls.swift in Sources */ = {isa = PBXBuildFile; fileRef = 4F1F17C9209E150F00483499 /* FaceBalls.swift */; };
		4F1F17CC209E159F00483499 /* WordPop.swift in Sources */ = {isa = PBXBuildFile; fileRef = 4F1F17CB209E159F00483499 /* WordPop.swift */; };
		4F1F17CE209E15B000483499 /* RollAway.swift in Sources */ = {isa = PBXBuildFile; fileRef = 4F1F17CD209E15B000483499 /* RollAway.swift */; };
		4F1F17D0209E15BB00483499 /* Hinge.swift in Sources */ = {isa = PBXBuildFile; fileRef = 4F1F17CF209E15BB00483499 /* Hinge.swift */; };
		4F33AEE820F2DE3F000FF648 /* TimeInterval.swift in Sources */ = {isa = PBXBuildFile; fileRef = 4F33AEE720F2DE3F000FF648 /* TimeInterval.swift */; };
		4F6A7BDB1F1AD5AB00299152 /* Videos in Resources */ = {isa = PBXBuildFile; fileRef = 4F6A7BDA1F1AD5AB00299152 /* Videos */; };
		4F6A7BE31F1AE9B300299152 /* Assets.xcassets in Resources */ = {isa = PBXBuildFile; fileRef = 4F6A7BE21F1AE9B300299152 /* Assets.xcassets */; };
		4F81D5F220A53E7C00CB68D8 /* CGPoint.swift in Sources */ = {isa = PBXBuildFile; fileRef = 4F81D5F120A53E7C00CB68D8 /* CGPoint.swift */; };
		4F81D5F620A6776D00CB68D8 /* MiniGames.swift in Sources */ = {isa = PBXBuildFile; fileRef = 4F81D5F520A6776D00CB68D8 /* MiniGames.swift */; };
		4F81D5F820A7600C00CB68D8 /* None.swift in Sources */ = {isa = PBXBuildFile; fileRef = 4F81D5F720A7600C00CB68D8 /* None.swift */; };
		4F84C38F1FC51AC40093801B /* Animations.swift in Sources */ = {isa = PBXBuildFile; fileRef = 4F84C38E1FC51AC40093801B /* Animations.swift */; };
		4F89557920B47B8600E37E53 /* UIImage.swift in Sources */ = {isa = PBXBuildFile; fileRef = 4F89557820B47B8600E37E53 /* UIImage.swift */; };
		4F8A2A9A209F6E0A000C2CA5 /* Catalog.swift in Sources */ = {isa = PBXBuildFile; fileRef = 4F8A2A99209F6E0A000C2CA5 /* Catalog.swift */; };
		4F8A2A9C209F730E000C2CA5 /* AudioPlayer.swift in Sources */ = {isa = PBXBuildFile; fileRef = 4F8A2A9B209F730E000C2CA5 /* AudioPlayer.swift */; };
		4F8A2AA6209FDB9C000C2CA5 /* Sequence.swift in Sources */ = {isa = PBXBuildFile; fileRef = 4F8A2AA4209FDB9C000C2CA5 /* Sequence.swift */; };
		4F8A2AA7209FDB9C000C2CA5 /* MutableCollection.swift in Sources */ = {isa = PBXBuildFile; fileRef = 4F8A2AA5209FDB9C000C2CA5 /* MutableCollection.swift */; };
		4F8A2AA920A0D550000C2CA5 /* VideoPlayer.swift in Sources */ = {isa = PBXBuildFile; fileRef = 4F8A2AA820A0D550000C2CA5 /* VideoPlayer.swift */; };
		4F8A2AAB20A0E3B3000C2CA5 /* WelcomeViewController.swift in Sources */ = {isa = PBXBuildFile; fileRef = 4F8A2AAA20A0E3B2000C2CA5 /* WelcomeViewController.swift */; };
		4F8E43512097B32B000B935B /* PreviewingTableViewController.swift in Sources */ = {isa = PBXBuildFile; fileRef = 4F8E43502097B32B000B935B /* PreviewingTableViewController.swift */; };
		4F90205B20BDAEB3000E4311 /* Array.swift in Sources */ = {isa = PBXBuildFile; fileRef = 4F90205A20BDAEB3000E4311 /* Array.swift */; };
		4F90EB2820A372F000F8EE87 /* Thor.swift in Sources */ = {isa = PBXBuildFile; fileRef = 4F90EB2720A372F000F8EE87 /* Thor.swift */; };
		4F90EC6920A3CA6D00F8EE87 /* Sounds in Resources */ = {isa = PBXBuildFile; fileRef = 4F90EC6820A3CA6D00F8EE87 /* Sounds */; };
		4FB989061F12F45A001F02CE /* Meta in Resources */ = {isa = PBXBuildFile; fileRef = 4FB989041F12F45A001F02CE /* Meta */; };
		4FB989071F12F45A001F02CE /* Songs in Resources */ = {isa = PBXBuildFile; fileRef = 4FB989051F12F45A001F02CE /* Songs */; };
		4FBD57AC1F098DEB00BDCDE3 /* AppDelegate.swift in Sources */ = {isa = PBXBuildFile; fileRef = 4FBD57AB1F098DEB00BDCDE3 /* AppDelegate.swift */; };
		4FBD57AE1F098DEB00BDCDE3 /* SongViewController.swift in Sources */ = {isa = PBXBuildFile; fileRef = 4FBD57AD1F098DEB00BDCDE3 /* SongViewController.swift */; };
		4FBD57B11F098DEB00BDCDE3 /* Main.storyboard in Resources */ = {isa = PBXBuildFile; fileRef = 4FBD57AF1F098DEB00BDCDE3 /* Main.storyboard */; };
		4FBD57B61F098DEB00BDCDE3 /* LaunchScreen.storyboard in Resources */ = {isa = PBXBuildFile; fileRef = 4FBD57B41F098DEB00BDCDE3 /* LaunchScreen.storyboard */; };
		4FD689CC20C206C80003CA83 /* SpellyBlocks.swift in Sources */ = {isa = PBXBuildFile; fileRef = 4FD689CB20C206C80003CA83 /* SpellyBlocks.swift */; };
		4FD689EE20C9B71D0003CA83 /* art.scnassets in Resources */ = {isa = PBXBuildFile; fileRef = 4FD689ED20C9B71C0003CA83 /* art.scnassets */; };
		4FDB4A70209D7E3D00900DE7 /* AVPlayerViewController.swift in Sources */ = {isa = PBXBuildFile; fileRef = 4FDB4A6F209D7E3D00900DE7 /* AVPlayerViewController.swift */; };
		4FEEE6F120C10B3F0090EEA1 /* FaceSquares.swift in Sources */ = {isa = PBXBuildFile; fileRef = 4FEEE6F020C10B3F0090EEA1 /* FaceSquares.swift */; };
/* End PBXBuildFile section */

/* Begin PBXFileReference section */
		4F08093220AA5A9500CF8767 /* AvengersAssemble.swift */ = {isa = PBXFileReference; lastKnownFileType = sourcecode.swift; path = AvengersAssemble.swift; sourceTree = "<group>"; };
		4F1F17C6209E112C00483499 /* Collection.swift */ = {isa = PBXFileReference; lastKnownFileType = sourcecode.swift; path = Collection.swift; sourceTree = "<group>"; };
		4F1F17C9209E150F00483499 /* FaceBalls.swift */ = {isa = PBXFileReference; lastKnownFileType = sourcecode.swift; path = FaceBalls.swift; sourceTree = "<group>"; };
		4F1F17CB209E159F00483499 /* WordPop.swift */ = {isa = PBXFileReference; lastKnownFileType = sourcecode.swift; path = WordPop.swift; sourceTree = "<group>"; };
		4F1F17CD209E15B000483499 /* RollAway.swift */ = {isa = PBXFileReference; lastKnownFileType = sourcecode.swift; path = RollAway.swift; sourceTree = "<group>"; };
		4F1F17CF209E15BB00483499 /* Hinge.swift */ = {isa = PBXFileReference; lastKnownFileType = sourcecode.swift; path = Hinge.swift; sourceTree = "<group>"; };
		4F33AEE720F2DE3F000FF648 /* TimeInterval.swift */ = {isa = PBXFileReference; lastKnownFileType = sourcecode.swift; path = TimeInterval.swift; sourceTree = "<group>"; };
		4F6A7BDA1F1AD5AB00299152 /* Videos */ = {isa = PBXFileReference; lastKnownFileType = folder; path = Videos; sourceTree = "<group>"; };
		4F6A7BE21F1AE9B300299152 /* Assets.xcassets */ = {isa = PBXFileReference; lastKnownFileType = folder.assetcatalog; path = Assets.xcassets; sourceTree = "<group>"; };
		4F81D5F120A53E7C00CB68D8 /* CGPoint.swift */ = {isa = PBXFileReference; lastKnownFileType = sourcecode.swift; path = CGPoint.swift; sourceTree = "<group>"; };
		4F81D5F520A6776D00CB68D8 /* MiniGames.swift */ = {isa = PBXFileReference; lastKnownFileType = sourcecode.swift; path = MiniGames.swift; sourceTree = "<group>"; };
		4F81D5F720A7600C00CB68D8 /* None.swift */ = {isa = PBXFileReference; lastKnownFileType = sourcecode.swift; path = None.swift; sourceTree = "<group>"; };
		4F84C38E1FC51AC40093801B /* Animations.swift */ = {isa = PBXFileReference; lastKnownFileType = sourcecode.swift; path = Animations.swift; sourceTree = "<group>"; };
		4F89557820B47B8600E37E53 /* UIImage.swift */ = {isa = PBXFileReference; lastKnownFileType = sourcecode.swift; path = UIImage.swift; sourceTree = "<group>"; };
		4F8A2A99209F6E0A000C2CA5 /* Catalog.swift */ = {isa = PBXFileReference; lastKnownFileType = sourcecode.swift; path = Catalog.swift; sourceTree = "<group>"; };
		4F8A2A9B209F730E000C2CA5 /* AudioPlayer.swift */ = {isa = PBXFileReference; lastKnownFileType = sourcecode.swift; path = AudioPlayer.swift; sourceTree = "<group>"; };
		4F8A2AA4209FDB9C000C2CA5 /* Sequence.swift */ = {isa = PBXFileReference; fileEncoding = 4; lastKnownFileType = sourcecode.swift; path = Sequence.swift; sourceTree = "<group>"; };
		4F8A2AA5209FDB9C000C2CA5 /* MutableCollection.swift */ = {isa = PBXFileReference; fileEncoding = 4; lastKnownFileType = sourcecode.swift; path = MutableCollection.swift; sourceTree = "<group>"; };
		4F8A2AA820A0D550000C2CA5 /* VideoPlayer.swift */ = {isa = PBXFileReference; lastKnownFileType = sourcecode.swift; path = VideoPlayer.swift; sourceTree = "<group>"; };
		4F8A2AAA20A0E3B2000C2CA5 /* WelcomeViewController.swift */ = {isa = PBXFileReference; lastKnownFileType = sourcecode.swift; path = WelcomeViewController.swift; sourceTree = "<group>"; };
		4F8E43502097B32B000B935B /* PreviewingTableViewController.swift */ = {isa = PBXFileReference; lastKnownFileType = sourcecode.swift; path = PreviewingTableViewController.swift; sourceTree = "<group>"; };
		4F90205A20BDAEB3000E4311 /* Array.swift */ = {isa = PBXFileReference; lastKnownFileType = sourcecode.swift; path = Array.swift; sourceTree = "<group>"; };
		4F90EB2720A372F000F8EE87 /* Thor.swift */ = {isa = PBXFileReference; lastKnownFileType = sourcecode.swift; path = Thor.swift; sourceTree = "<group>"; };
		4F90EC6820A3CA6D00F8EE87 /* Sounds */ = {isa = PBXFileReference; lastKnownFileType = folder; path = Sounds; sourceTree = "<group>"; };
		4FB989041F12F45A001F02CE /* Meta */ = {isa = PBXFileReference; lastKnownFileType = folder; path = Meta; sourceTree = "<group>"; };
		4FB989051F12F45A001F02CE /* Songs */ = {isa = PBXFileReference; lastKnownFileType = folder; path = Songs; sourceTree = "<group>"; };
		4FBD57A81F098DEB00BDCDE3 /* TukTuk.app */ = {isa = PBXFileReference; explicitFileType = wrapper.application; includeInIndex = 0; path = TukTuk.app; sourceTree = BUILT_PRODUCTS_DIR; };
		4FBD57AB1F098DEB00BDCDE3 /* AppDelegate.swift */ = {isa = PBXFileReference; lastKnownFileType = sourcecode.swift; path = AppDelegate.swift; sourceTree = "<group>"; };
		4FBD57AD1F098DEB00BDCDE3 /* SongViewController.swift */ = {isa = PBXFileReference; lastKnownFileType = sourcecode.swift; path = SongViewController.swift; sourceTree = "<group>"; };
		4FBD57B01F098DEB00BDCDE3 /* Base */ = {isa = PBXFileReference; lastKnownFileType = file.storyboard; name = Base; path = Base.lproj/Main.storyboard; sourceTree = "<group>"; };
		4FBD57B51F098DEB00BDCDE3 /* Base */ = {isa = PBXFileReference; lastKnownFileType = file.storyboard; name = Base; path = Base.lproj/LaunchScreen.storyboard; sourceTree = "<group>"; };
		4FBD57B71F098DEB00BDCDE3 /* Info.plist */ = {isa = PBXFileReference; lastKnownFileType = text.plist.xml; path = Info.plist; sourceTree = "<group>"; };
		4FD689CB20C206C80003CA83 /* SpellyBlocks.swift */ = {isa = PBXFileReference; lastKnownFileType = sourcecode.swift; path = SpellyBlocks.swift; sourceTree = "<group>"; };
		4FD689ED20C9B71C0003CA83 /* art.scnassets */ = {isa = PBXFileReference; lastKnownFileType = wrapper.scnassets; path = art.scnassets; sourceTree = "<group>"; };
		4FDB4A6F209D7E3D00900DE7 /* AVPlayerViewController.swift */ = {isa = PBXFileReference; lastKnownFileType = sourcecode.swift; path = AVPlayerViewController.swift; sourceTree = "<group>"; };
		4FEEE6F020C10B3F0090EEA1 /* FaceSquares.swift */ = {isa = PBXFileReference; lastKnownFileType = sourcecode.swift; path = FaceSquares.swift; sourceTree = "<group>"; };
		5D93CC645E3623C41C0DD219 /* Pods-TukTuk.release.xcconfig */ = {isa = PBXFileReference; includeInIndex = 1; lastKnownFileType = text.xcconfig; name = "Pods-TukTuk.release.xcconfig"; path = "Pods/Target Support Files/Pods-TukTuk/Pods-TukTuk.release.xcconfig"; sourceTree = "<group>"; };
		9EE63FDA43874ED794474A36 /* Pods-TukTuk.debug.xcconfig */ = {isa = PBXFileReference; includeInIndex = 1; lastKnownFileType = text.xcconfig; name = "Pods-TukTuk.debug.xcconfig"; path = "Pods/Target Support Files/Pods-TukTuk/Pods-TukTuk.debug.xcconfig"; sourceTree = "<group>"; };
		BA5C47FC63EB15E8F5D89056 /* Pods_TukTuk.framework */ = {isa = PBXFileReference; explicitFileType = wrapper.framework; includeInIndex = 0; path = Pods_TukTuk.framework; sourceTree = BUILT_PRODUCTS_DIR; };
/* End PBXFileReference section */

/* Begin PBXFrameworksBuildPhase section */
		4FBD57A51F098DEB00BDCDE3 /* Frameworks */ = {
			isa = PBXFrameworksBuildPhase;
			buildActionMask = 2147483647;
			files = (
				209D1DB6996F487D912E2782 /* Pods_TukTuk.framework in Frameworks */,
			);
			runOnlyForDeploymentPostprocessing = 0;
		};
/* End PBXFrameworksBuildPhase section */

/* Begin PBXGroup section */
		4F1F17C5209E10E100483499 /* Extensions */ = {
			isa = PBXGroup;
			children = (
				4F8A2AA5209FDB9C000C2CA5 /* MutableCollection.swift */,
				4F8A2AA4209FDB9C000C2CA5 /* Sequence.swift */,
				4FDB4A6F209D7E3D00900DE7 /* AVPlayerViewController.swift */,
				4F1F17C6209E112C00483499 /* Collection.swift */,
				4F81D5F120A53E7C00CB68D8 /* CGPoint.swift */,
				4F89557820B47B8600E37E53 /* UIImage.swift */,
				4F90205A20BDAEB3000E4311 /* Array.swift */,
				4F33AEE720F2DE3F000FF648 /* TimeInterval.swift */,
			);
			path = Extensions;
			sourceTree = "<group>";
		};
		4F1F17C8209E14DF00483499 /* Animations */ = {
			isa = PBXGroup;
			children = (
				4F84C38E1FC51AC40093801B /* Animations.swift */,
				4F81D5F720A7600C00CB68D8 /* None.swift */,
				4F1F17CF209E15BB00483499 /* Hinge.swift */,
				4F1F17CD209E15B000483499 /* RollAway.swift */,
				4F1F17CB209E159F00483499 /* WordPop.swift */,
				4F1F17C9209E150F00483499 /* FaceBalls.swift */,
				4FEEE6F020C10B3F0090EEA1 /* FaceSquares.swift */,
			);
			path = Animations;
			sourceTree = "<group>";
		};
		4F90EB2620A372C200F8EE87 /* MiniGame */ = {
			isa = PBXGroup;
			children = (
				4F81D5F520A6776D00CB68D8 /* MiniGames.swift */,
				4F90EB2720A372F000F8EE87 /* Thor.swift */,
				4F08093220AA5A9500CF8767 /* AvengersAssemble.swift */,
				4FD689CB20C206C80003CA83 /* SpellyBlocks.swift */,
			);
			path = MiniGame;
			sourceTree = "<group>";
		};
		4FBD579F1F098DEB00BDCDE3 = {
			isa = PBXGroup;
			children = (
				4FBD57AA1F098DEB00BDCDE3 /* TukTuk */,
				4FBD57A91F098DEB00BDCDE3 /* Products */,
				955B2461A91F60959C73B8BA /* Pods */,
				FCC02217AF180E89B1A08AAF /* Frameworks */,
			);
			sourceTree = "<group>";
		};
		4FBD57A91F098DEB00BDCDE3 /* Products */ = {
			isa = PBXGroup;
			children = (
				4FBD57A81F098DEB00BDCDE3 /* TukTuk.app */,
			);
			name = Products;
			sourceTree = "<group>";
		};
		4FBD57AA1F098DEB00BDCDE3 /* TukTuk */ = {
			isa = PBXGroup;
			children = (
				4F1F17C8209E14DF00483499 /* Animations */,
				4F1F17C5209E10E100483499 /* Extensions */,
				4F90EB2620A372C200F8EE87 /* MiniGame */,
				4FBD57AB1F098DEB00BDCDE3 /* AppDelegate.swift */,
				4FBD57AD1F098DEB00BDCDE3 /* SongViewController.swift */,
				4F8A2AAA20A0E3B2000C2CA5 /* WelcomeViewController.swift */,
				4F8A2AA820A0D550000C2CA5 /* VideoPlayer.swift */,
				4F8A2A9B209F730E000C2CA5 /* AudioPlayer.swift */,
				4F8A2A99209F6E0A000C2CA5 /* Catalog.swift */,
				4F8E43502097B32B000B935B /* PreviewingTableViewController.swift */,
				4FBD57AF1F098DEB00BDCDE3 /* Main.storyboard */,
				4FBD57B41F098DEB00BDCDE3 /* LaunchScreen.storyboard */,
				4FBD57B71F098DEB00BDCDE3 /* Info.plist */,
				4FD689ED20C9B71C0003CA83 /* art.scnassets */,
				4F6A7BE21F1AE9B300299152 /* Assets.xcassets */,
				4F90EC6820A3CA6D00F8EE87 /* Sounds */,
				4FB989041F12F45A001F02CE /* Meta */,
				4FB989051F12F45A001F02CE /* Songs */,
				4F6A7BDA1F1AD5AB00299152 /* Videos */,
			);
			path = TukTuk;
			sourceTree = "<group>";
		};
		955B2461A91F60959C73B8BA /* Pods */ = {
			isa = PBXGroup;
			children = (
				9EE63FDA43874ED794474A36 /* Pods-TukTuk.debug.xcconfig */,
				5D93CC645E3623C41C0DD219 /* Pods-TukTuk.release.xcconfig */,
			);
			name = Pods;
			sourceTree = "<group>";
		};
		FCC02217AF180E89B1A08AAF /* Frameworks */ = {
			isa = PBXGroup;
			children = (
				BA5C47FC63EB15E8F5D89056 /* Pods_TukTuk.framework */,
			);
			name = Frameworks;
			sourceTree = "<group>";
		};
/* End PBXGroup section */

/* Begin PBXNativeTarget section */
		4FBD57A71F098DEB00BDCDE3 /* TukTuk */ = {
			isa = PBXNativeTarget;
			buildConfigurationList = 4FBD57BA1F098DEB00BDCDE3 /* Build configuration list for PBXNativeTarget "TukTuk" */;
			buildPhases = (
				72036C9405361C9306DA5C16 /* [CP] Check Pods Manifest.lock */,
				4FBD57A41F098DEB00BDCDE3 /* Sources */,
				4FBD57A51F098DEB00BDCDE3 /* Frameworks */,
				4FBD57A61F098DEB00BDCDE3 /* Resources */,
				D15C2A9A4846E04855A5E1F5 /* [CP] Embed Pods Frameworks */,
			);
			buildRules = (
			);
			dependencies = (
			);
			name = TukTuk;
			productName = TukTuk;
			productReference = 4FBD57A81F098DEB00BDCDE3 /* TukTuk.app */;
			productType = "com.apple.product-type.application";
		};
/* End PBXNativeTarget section */

/* Begin PBXProject section */
		4FBD57A01F098DEB00BDCDE3 /* Project object */ = {
			isa = PBXProject;
			attributes = {
				LastSwiftUpdateCheck = 0830;
				LastUpgradeCheck = 0930;
				ORGANIZATIONNAME = Menalto;
				TargetAttributes = {
					4FBD57A71F098DEB00BDCDE3 = {
						CreatedOnToolsVersion = 8.3.3;
						DevelopmentTeam = R6DR6B5C8B;
						LastSwiftMigration = 0910;
						ProvisioningStyle = Automatic;
					};
				};
			};
			buildConfigurationList = 4FBD57A31F098DEB00BDCDE3 /* Build configuration list for PBXProject "TukTuk" */;
			compatibilityVersion = "Xcode 3.2";
			developmentRegion = English;
			hasScannedForEncodings = 0;
			knownRegions = (
				en,
				Base,
			);
			mainGroup = 4FBD579F1F098DEB00BDCDE3;
			productRefGroup = 4FBD57A91F098DEB00BDCDE3 /* Products */;
			projectDirPath = "";
			projectRoot = "";
			targets = (
				4FBD57A71F098DEB00BDCDE3 /* TukTuk */,
			);
		};
/* End PBXProject section */

/* Begin PBXResourcesBuildPhase section */
		4FBD57A61F098DEB00BDCDE3 /* Resources */ = {
			isa = PBXResourcesBuildPhase;
			buildActionMask = 2147483647;
			files = (
				4FBD57B61F098DEB00BDCDE3 /* LaunchScreen.storyboard in Resources */,
				4FD689EE20C9B71D0003CA83 /* art.scnassets in Resources */,
				4FB989071F12F45A001F02CE /* Songs in Resources */,
				4F90EC6920A3CA6D00F8EE87 /* Sounds in Resources */,
				4F6A7BDB1F1AD5AB00299152 /* Videos in Resources */,
				4FB989061F12F45A001F02CE /* Meta in Resources */,
				4F6A7BE31F1AE9B300299152 /* Assets.xcassets in Resources */,
				4FBD57B11F098DEB00BDCDE3 /* Main.storyboard in Resources */,
			);
			runOnlyForDeploymentPostprocessing = 0;
		};
/* End PBXResourcesBuildPhase section */

/* Begin PBXShellScriptBuildPhase section */
		72036C9405361C9306DA5C16 /* [CP] Check Pods Manifest.lock */ = {
			isa = PBXShellScriptBuildPhase;
			buildActionMask = 2147483647;
			files = (
			);
			inputPaths = (
				"${PODS_PODFILE_DIR_PATH}/Podfile.lock",
				"${PODS_ROOT}/Manifest.lock",
			);
			name = "[CP] Check Pods Manifest.lock";
			outputPaths = (
				"$(DERIVED_FILE_DIR)/Pods-TukTuk-checkManifestLockResult.txt",
			);
			runOnlyForDeploymentPostprocessing = 0;
			shellPath = /bin/sh;
			shellScript = "diff \"${PODS_PODFILE_DIR_PATH}/Podfile.lock\" \"${PODS_ROOT}/Manifest.lock\" > /dev/null\nif [ $? != 0 ] ; then\n    # print error to STDERR\n    echo \"error: The sandbox is not in sync with the Podfile.lock. Run 'pod install' or update your CocoaPods installation.\" >&2\n    exit 1\nfi\n# This output is used by Xcode 'outputs' to avoid re-running this script phase.\necho \"SUCCESS\" > \"${SCRIPT_OUTPUT_FILE_0}\"\n";
			showEnvVarsInLog = 0;
		};
		D15C2A9A4846E04855A5E1F5 /* [CP] Embed Pods Frameworks */ = {
			isa = PBXShellScriptBuildPhase;
			buildActionMask = 2147483647;
			files = (
			);
			inputPaths = (
				"${SRCROOT}/Pods/Target Support Files/Pods-TukTuk/Pods-TukTuk-frameworks.sh",
				"${BUILT_PRODUCTS_DIR}/EasyAnimation/EasyAnimation.framework",
				"${BUILT_PRODUCTS_DIR}/FLEX/FLEX.framework",
			);
			name = "[CP] Embed Pods Frameworks";
			outputPaths = (
				"${TARGET_BUILD_DIR}/${FRAMEWORKS_FOLDER_PATH}/EasyAnimation.framework",
				"${TARGET_BUILD_DIR}/${FRAMEWORKS_FOLDER_PATH}/FLEX.framework",
			);
			runOnlyForDeploymentPostprocessing = 0;
			shellPath = /bin/sh;
			shellScript = "\"${SRCROOT}/Pods/Target Support Files/Pods-TukTuk/Pods-TukTuk-frameworks.sh\"\n";
			showEnvVarsInLog = 0;
		};
/* End PBXShellScriptBuildPhase section */

/* Begin PBXSourcesBuildPhase section */
		4FBD57A41F098DEB00BDCDE3 /* Sources */ = {
			isa = PBXSourcesBuildPhase;
			buildActionMask = 2147483647;
			files = (
				4F81D5F620A6776D00CB68D8 /* MiniGames.swift in Sources */,
				4F89557920B47B8600E37E53 /* UIImage.swift in Sources */,
				4F1F17CE209E15B000483499 /* RollAway.swift in Sources */,
				4F1F17CC209E159F00483499 /* WordPop.swift in Sources */,
				4F8A2AA6209FDB9C000C2CA5 /* Sequence.swift in Sources */,
				4F8E43512097B32B000B935B /* PreviewingTableViewController.swift in Sources */,
				4F90205B20BDAEB3000E4311 /* Array.swift in Sources */,
				4F81D5F820A7600C00CB68D8 /* None.swift in Sources */,
				4F81D5F220A53E7C00CB68D8 /* CGPoint.swift in Sources */,
				4FBD57AE1F098DEB00BDCDE3 /* SongViewController.swift in Sources */,
				4FD689CC20C206C80003CA83 /* SpellyBlocks.swift in Sources */,
				4F8A2AAB20A0E3B3000C2CA5 /* WelcomeViewController.swift in Sources */,
				4F8A2AA7209FDB9C000C2CA5 /* MutableCollection.swift in Sources */,
				4F8A2A9A209F6E0A000C2CA5 /* Catalog.swift in Sources */,
				4FBD57AC1F098DEB00BDCDE3 /* AppDelegate.swift in Sources */,
				4F08093320AA5A9500CF8767 /* AvengersAssemble.swift in Sources */,
				4FEEE6F120C10B3F0090EEA1 /* FaceSquares.swift in Sources */,
				4F8A2A9C209F730E000C2CA5 /* AudioPlayer.swift in Sources */,
				4FDB4A70209D7E3D00900DE7 /* AVPlayerViewController.swift in Sources */,
				4F90EB2820A372F000F8EE87 /* Thor.swift in Sources */,
				4F84C38F1FC51AC40093801B /* Animations.swift in Sources */,
				4F33AEE820F2DE3F000FF648 /* TimeInterval.swift in Sources */,
				4F1F17D0209E15BB00483499 /* Hinge.swift in Sources */,
				4F8A2AA920A0D550000C2CA5 /* VideoPlayer.swift in Sources */,
				4F1F17C7209E112C00483499 /* Collection.swift in Sources */,
				4F1F17CA209E150F00483499 /* FaceBalls.swift in Sources */,
			);
			runOnlyForDeploymentPostprocessing = 0;
		};
/* End PBXSourcesBuildPhase section */

/* Begin PBXVariantGroup section */
		4FBD57AF1F098DEB00BDCDE3 /* Main.storyboard */ = {
			isa = PBXVariantGroup;
			children = (
				4FBD57B01F098DEB00BDCDE3 /* Base */,
			);
			name = Main.storyboard;
			sourceTree = "<group>";
		};
		4FBD57B41F098DEB00BDCDE3 /* LaunchScreen.storyboard */ = {
			isa = PBXVariantGroup;
			children = (
				4FBD57B51F098DEB00BDCDE3 /* Base */,
			);
			name = LaunchScreen.storyboard;
			sourceTree = "<group>";
		};
/* End PBXVariantGroup section */

/* Begin XCBuildConfiguration section */
		4FBD57B81F098DEB00BDCDE3 /* Debug */ = {
			isa = XCBuildConfiguration;
			buildSettings = {
				ALWAYS_SEARCH_USER_PATHS = NO;
				CLANG_ANALYZER_NONNULL = YES;
				CLANG_ANALYZER_NUMBER_OBJECT_CONVERSION = YES_AGGRESSIVE;
				CLANG_CXX_LANGUAGE_STANDARD = "gnu++0x";
				CLANG_CXX_LIBRARY = "libc++";
				CLANG_ENABLE_MODULES = YES;
				CLANG_ENABLE_OBJC_ARC = YES;
				CLANG_WARN_BLOCK_CAPTURE_AUTORELEASING = YES;
				CLANG_WARN_BOOL_CONVERSION = YES;
				CLANG_WARN_COMMA = YES;
				CLANG_WARN_CONSTANT_CONVERSION = YES;
				CLANG_WARN_DEPRECATED_OBJC_IMPLEMENTATIONS = YES;
				CLANG_WARN_DIRECT_OBJC_ISA_USAGE = YES_ERROR;
				CLANG_WARN_DOCUMENTATION_COMMENTS = YES;
				CLANG_WARN_EMPTY_BODY = YES;
				CLANG_WARN_ENUM_CONVERSION = YES;
				CLANG_WARN_INFINITE_RECURSION = YES;
				CLANG_WARN_INT_CONVERSION = YES;
				CLANG_WARN_NON_LITERAL_NULL_CONVERSION = YES;
				CLANG_WARN_OBJC_IMPLICIT_RETAIN_SELF = YES;
				CLANG_WARN_OBJC_LITERAL_CONVERSION = YES;
				CLANG_WARN_OBJC_ROOT_CLASS = YES_ERROR;
				CLANG_WARN_RANGE_LOOP_ANALYSIS = YES;
				CLANG_WARN_STRICT_PROTOTYPES = YES;
				CLANG_WARN_SUSPICIOUS_MOVE = YES;
				CLANG_WARN_UNREACHABLE_CODE = YES;
				CLANG_WARN__DUPLICATE_METHOD_MATCH = YES;
				"CODE_SIGN_IDENTITY[sdk=iphoneos*]" = "iPhone Developer";
				COPY_PHASE_STRIP = NO;
				DEBUG_INFORMATION_FORMAT = dwarf;
				ENABLE_STRICT_OBJC_MSGSEND = YES;
				ENABLE_TESTABILITY = YES;
				GCC_C_LANGUAGE_STANDARD = gnu99;
				GCC_DYNAMIC_NO_PIC = NO;
				GCC_NO_COMMON_BLOCKS = YES;
				GCC_OPTIMIZATION_LEVEL = 0;
				GCC_PREPROCESSOR_DEFINITIONS = (
					"DEBUG=1",
					"$(inherited)",
				);
				GCC_WARN_64_TO_32_BIT_CONVERSION = YES;
				GCC_WARN_ABOUT_RETURN_TYPE = YES_ERROR;
				GCC_WARN_UNDECLARED_SELECTOR = YES;
				GCC_WARN_UNINITIALIZED_AUTOS = YES_AGGRESSIVE;
				GCC_WARN_UNUSED_FUNCTION = YES;
				GCC_WARN_UNUSED_VARIABLE = YES;
				IPHONEOS_DEPLOYMENT_TARGET = 10.3;
				MTL_ENABLE_DEBUG_INFO = YES;
				ONLY_ACTIVE_ARCH = YES;
				SDKROOT = iphoneos;
				SWIFT_ACTIVE_COMPILATION_CONDITIONS = DEBUG;
				SWIFT_OPTIMIZATION_LEVEL = "-Onone";
			};
			name = Debug;
		};
		4FBD57B91F098DEB00BDCDE3 /* Release */ = {
			isa = XCBuildConfiguration;
			buildSettings = {
				ALWAYS_SEARCH_USER_PATHS = NO;
				CLANG_ANALYZER_NONNULL = YES;
				CLANG_ANALYZER_NUMBER_OBJECT_CONVERSION = YES_AGGRESSIVE;
				CLANG_CXX_LANGUAGE_STANDARD = "gnu++0x";
				CLANG_CXX_LIBRARY = "libc++";
				CLANG_ENABLE_MODULES = YES;
				CLANG_ENABLE_OBJC_ARC = YES;
				CLANG_WARN_BLOCK_CAPTURE_AUTORELEASING = YES;
				CLANG_WARN_BOOL_CONVERSION = YES;
				CLANG_WARN_COMMA = YES;
				CLANG_WARN_CONSTANT_CONVERSION = YES;
				CLANG_WARN_DEPRECATED_OBJC_IMPLEMENTATIONS = YES;
				CLANG_WARN_DIRECT_OBJC_ISA_USAGE = YES_ERROR;
				CLANG_WARN_DOCUMENTATION_COMMENTS = YES;
				CLANG_WARN_EMPTY_BODY = YES;
				CLANG_WARN_ENUM_CONVERSION = YES;
				CLANG_WARN_INFINITE_RECURSION = YES;
				CLANG_WARN_INT_CONVERSION = YES;
				CLANG_WARN_NON_LITERAL_NULL_CONVERSION = YES;
				CLANG_WARN_OBJC_IMPLICIT_RETAIN_SELF = YES;
				CLANG_WARN_OBJC_LITERAL_CONVERSION = YES;
				CLANG_WARN_OBJC_ROOT_CLASS = YES_ERROR;
				CLANG_WARN_RANGE_LOOP_ANALYSIS = YES;
				CLANG_WARN_STRICT_PROTOTYPES = YES;
				CLANG_WARN_SUSPICIOUS_MOVE = YES;
				CLANG_WARN_UNREACHABLE_CODE = YES;
				CLANG_WARN__DUPLICATE_METHOD_MATCH = YES;
				"CODE_SIGN_IDENTITY[sdk=iphoneos*]" = "iPhone Developer";
				COPY_PHASE_STRIP = NO;
				DEBUG_INFORMATION_FORMAT = "dwarf-with-dsym";
				ENABLE_NS_ASSERTIONS = NO;
				ENABLE_STRICT_OBJC_MSGSEND = YES;
				GCC_C_LANGUAGE_STANDARD = gnu99;
				GCC_NO_COMMON_BLOCKS = YES;
				GCC_WARN_64_TO_32_BIT_CONVERSION = YES;
				GCC_WARN_ABOUT_RETURN_TYPE = YES_ERROR;
				GCC_WARN_UNDECLARED_SELECTOR = YES;
				GCC_WARN_UNINITIALIZED_AUTOS = YES_AGGRESSIVE;
				GCC_WARN_UNUSED_FUNCTION = YES;
				GCC_WARN_UNUSED_VARIABLE = YES;
				IPHONEOS_DEPLOYMENT_TARGET = 10.3;
				MTL_ENABLE_DEBUG_INFO = NO;
				SDKROOT = iphoneos;
				SWIFT_OPTIMIZATION_LEVEL = "-Owholemodule";
				VALIDATE_PRODUCT = YES;
			};
			name = Release;
		};
		4FBD57BB1F098DEB00BDCDE3 /* Debug */ = {
			isa = XCBuildConfiguration;
			baseConfigurationReference = 9EE63FDA43874ED794474A36 /* Pods-TukTuk.debug.xcconfig */;
			buildSettings = {
				ASSETCATALOG_COMPILER_APPICON_NAME = AppIcon;
				DEVELOPMENT_TEAM = R6DR6B5C8B;
				INFOPLIST_FILE = TukTuk/Info.plist;
				IPHONEOS_DEPLOYMENT_TARGET = 11.3;
				LD_RUNPATH_SEARCH_PATHS = "$(inherited) @executable_path/Frameworks";
				PRODUCT_BUNDLE_IDENTIFIER = com.menalto.TukTuk;
				PRODUCT_NAME = "$(TARGET_NAME)";
				SWIFT_SWIFT3_OBJC_INFERENCE = Default;
				SWIFT_VERSION = 4.0;
			};
			name = Debug;
		};
		4FBD57BC1F098DEB00BDCDE3 /* Release */ = {
			isa = XCBuildConfiguration;
			baseConfigurationReference = 5D93CC645E3623C41C0DD219 /* Pods-TukTuk.release.xcconfig */;
			buildSettings = {
				ASSETCATALOG_COMPILER_APPICON_NAME = AppIcon;
				DEVELOPMENT_TEAM = R6DR6B5C8B;
				INFOPLIST_FILE = TukTuk/Info.plist;
				IPHONEOS_DEPLOYMENT_TARGET = 11.3;
				LD_RUNPATH_SEARCH_PATHS = "$(inherited) @executable_path/Frameworks";
				PRODUCT_BUNDLE_IDENTIFIER = com.menalto.TukTuk;
				PRODUCT_NAME = "$(TARGET_NAME)";
				SWIFT_SWIFT3_OBJC_INFERENCE = Default;
				SWIFT_VERSION = 4.0;
			};
			name = Release;
		};
/* End XCBuildConfiguration section */

/* Begin XCConfigurationList section */
		4FBD57A31F098DEB00BDCDE3 /* Build configuration list for PBXProject "TukTuk" */ = {
			isa = XCConfigurationList;
			buildConfigurations = (
				4FBD57B81F098DEB00BDCDE3 /* Debug */,
				4FBD57B91F098DEB00BDCDE3 /* Release */,
			);
			defaultConfigurationIsVisible = 0;
			defaultConfigurationName = Release;
		};
		4FBD57BA1F098DEB00BDCDE3 /* Build configuration list for PBXNativeTarget "TukTuk" */ = {
			isa = XCConfigurationList;
			buildConfigurations = (
				4FBD57BB1F098DEB00BDCDE3 /* Debug */,
				4FBD57BC1F098DEB00BDCDE3 /* Release */,
			);
			defaultConfigurationIsVisible = 0;
			defaultConfigurationName = Release;
		};
/* End XCConfigurationList section */
	};
	rootObject = 4FBD57A01F098DEB00BDCDE3 /* Project object */;
}
